
Microsoft Visual Studio Solution File, Format Version 12.00
# Visual Studio Version 17
VisualStudioVersion = 17.5.33530.505
MinimumVisualStudioVersion = 10.0.40219.1
Project("{9A19103F-16F7-4668-BE54-9A1E7A4F7556}") = "project_demo_1", "project_demo_1.csproj", "{6C972552-0F3F-4E94-AA38-D3FC8A0060E3}"
EndProject
Project("{FAE04EC0-301F-11D3-BF4B-00C04F79EFBC}") = "test_demo_1", "..\test_demo_1\test_demo_1.csproj", "{5C487DE2-0BA5-4783-9F69-7F3E53B82A07}"
EndProject
Global
	GlobalSection(SolutionConfigurationPlatforms) = preSolution
		Debug|Any CPU = Debug|Any CPU
		Release|Any CPU = Release|Any CPU
	EndGlobalSection
	GlobalSection(ProjectConfigurationPlatforms) = postSolution
		{6C972552-0F3F-4E94-AA38-D3FC8A0060E3}.Debug|Any CPU.ActiveCfg = Debug|Any CPU
		{6C972552-0F3F-4E94-AA38-D3FC8A0060E3}.Debug|Any CPU.Build.0 = Debug|Any CPU
		{6C972552-0F3F-4E94-AA38-D3FC8A0060E3}.Release|Any CPU.ActiveCfg = Release|Any CPU
		{6C972552-0F3F-4E94-AA38-D3FC8A0060E3}.Release|Any CPU.Build.0 = Release|Any CPU
		{5C487DE2-0BA5-4783-9F69-7F3E53B82A07}.Debug|Any CPU.ActiveCfg = Debug|Any CPU
		{5C487DE2-0BA5-4783-9F69-7F3E53B82A07}.Debug|Any CPU.Build.0 = Debug|Any CPU
		{5C487DE2-0BA5-4783-9F69-7F3E53B82A07}.Release|Any CPU.ActiveCfg = Release|Any CPU
		{5C487DE2-0BA5-4783-9F69-7F3E53B82A07}.Release|Any CPU.Build.0 = Release|Any CPU
	EndGlobalSection
	GlobalSection(SolutionProperties) = preSolution
		HideSolutionNode = FALSE
	EndGlobalSection
	GlobalSection(ExtensibilityGlobals) = postSolution
		SolutionGuid = {164A64B6-5626-491C-97C1-6BEFFE49B8EE}
	EndGlobalSection
EndGlobal
